// !$*UTF8*$!
{
	archiveVersion = 1;
	classes = {
	};
	objectVersion = 55;
	objects = {

/* Begin PBXBuildFile section */
		4AD2E0CF285F2CC000806664 /* List_with_Custom_CellApp.swift in Sources */ = {isa = PBXBuildFile; fileRef = 4AD2E0CE285F2CC000806664 /* List_with_Custom_CellApp.swift */; };
		4AD2E0D1285F2CC000806664 /* ContentView.swift in Sources */ = {isa = PBXBuildFile; fileRef = 4AD2E0D0285F2CC000806664 /* ContentView.swift */; };
		4AD2E0D3285F2CC400806664 /* Assets.xcassets in Resources */ = {isa = PBXBuildFile; fileRef = 4AD2E0D2285F2CC400806664 /* Assets.xcassets */; };
		4AD2E0D6285F2CC400806664 /* Preview Assets.xcassets in Resources */ = {isa = PBXBuildFile; fileRef = 4AD2E0D5285F2CC400806664 /* Preview Assets.xcassets */; };
		4AD2E0E0285F2CC400806664 /* List_with_Custom_CellTests.swift in Sources */ = {isa = PBXBuildFile; fileRef = 4AD2E0DF285F2CC400806664 /* List_with_Custom_CellTests.swift */; };
		4AD2E0EA285F2CC400806664 /* List_with_Custom_CellUITests.swift in Sources */ = {isa = PBXBuildFile; fileRef = 4AD2E0E9285F2CC400806664 /* List_with_Custom_CellUITests.swift */; };
		4AD2E0EC285F2CC400806664 /* List_with_Custom_CellUITestsLaunchTests.swift in Sources */ = {isa = PBXBuildFile; fileRef = 4AD2E0EB285F2CC400806664 /* List_with_Custom_CellUITestsLaunchTests.swift */; };
		4AD2E0FB285F71D700806664 /* Video.swift in Sources */ = {isa = PBXBuildFile; fileRef = 4AD2E0FA285F71D700806664 /* Video.swift */; };
		4AD2E0FD285F8A3A00806664 /* VideoDetailView.swift in Sources */ = {isa = PBXBuildFile; fileRef = 4AD2E0FC285F8A3A00806664 /* VideoDetailView.swift */; };
/* End PBXBuildFile section */

/* Begin PBXContainerItemProxy section */
		4AD2E0DC285F2CC400806664 /* PBXContainerItemProxy */ = {
			isa = PBXContainerItemProxy;
			containerPortal = 4AD2E0C3285F2CC000806664 /* Project object */;
			proxyType = 1;
			remoteGlobalIDString = 4AD2E0CA285F2CC000806664;
			remoteInfo = "List with Custom Cell";
		};
		4AD2E0E6285F2CC400806664 /* PBXContainerItemProxy */ = {
			isa = PBXContainerItemProxy;
			containerPortal = 4AD2E0C3285F2CC000806664 /* Project object */;
			proxyType = 1;
			remoteGlobalIDString = 4AD2E0CA285F2CC000806664;
			remoteInfo = "List with Custom Cell";
		};
/* End PBXContainerItemProxy section */

/* Begin PBXFileReference section */
		4AD2E0CB285F2CC000806664 /* List with Custom Cell.app */ = {isa = PBXFileReference; explicitFileType = wrapper.application; includeInIndex = 0; path = "List with Custom Cell.app"; sourceTree = BUILT_PRODUCTS_DIR; };
		4AD2E0CE285F2CC000806664 /* List_with_Custom_CellApp.swift */ = {isa = PBXFileReference; lastKnownFileType = sourcecode.swift; path = List_with_Custom_CellApp.swift; sourceTree = "<group>"; };
		4AD2E0D0285F2CC000806664 /* ContentView.swift */ = {isa = PBXFileReference; lastKnownFileType = sourcecode.swift; path = ContentView.swift; sourceTree = "<group>"; };
		4AD2E0D2285F2CC400806664 /* Assets.xcassets */ = {isa = PBXFileReference; lastKnownFileType = folder.assetcatalog; path = Assets.xcassets; sourceTree = "<group>"; };
		4AD2E0D5285F2CC400806664 /* Preview Assets.xcassets */ = {isa = PBXFileReference; lastKnownFileType = folder.assetcatalog; path = "Preview Assets.xcassets"; sourceTree = "<group>"; };
		4AD2E0DB285F2CC400806664 /* List with Custom CellTests.xctest */ = {isa = PBXFileReference; explicitFileType = wrapper.cfbundle; includeInIndex = 0; path = "List with Custom CellTests.xctest"; sourceTree = BUILT_PRODUCTS_DIR; };
		4AD2E0DF285F2CC400806664 /* List_with_Custom_CellTests.swift */ = {isa = PBXFileReference; lastKnownFileType = sourcecode.swift; path = List_with_Custom_CellTests.swift; sourceTree = "<group>"; };
		4AD2E0E5285F2CC400806664 /* List with Custom CellUITests.xctest */ = {isa = PBXFileReference; explicitFileType = wrapper.cfbundle; includeInIndex = 0; path = "List with Custom CellUITests.xctest"; sourceTree = BUILT_PRODUCTS_DIR; };
		4AD2E0E9285F2CC400806664 /* List_with_Custom_CellUITests.swift */ = {isa = PBXFileReference; lastKnownFileType = sourcecode.swift; path = List_with_Custom_CellUITests.swift; sourceTree = "<group>"; };
		4AD2E0EB285F2CC400806664 /* List_with_Custom_CellUITestsLaunchTests.swift */ = {isa = PBXFileReference; lastKnownFileType = sourcecode.swift; path = List_with_Custom_CellUITestsLaunchTests.swift; sourceTree = "<group>"; };
		4AD2E0FA285F71D700806664 /* Video.swift */ = {isa = PBXFileReference; fileEncoding = 4; lastKnownFileType = sourcecode.swift; path = Video.swift; sourceTree = "<group>"; };
		4AD2E0FC285F8A3A00806664 /* VideoDetailView.swift */ = {isa = PBXFileReference; lastKnownFileType = sourcecode.swift; path = VideoDetailView.swift; sourceTree = "<group>"; };
/* End PBXFileReference section */

/* Begin PBXFrameworksBuildPhase section */
		4AD2E0C8285F2CC000806664 /* Frameworks */ = {
			isa = PBXFrameworksBuildPhase;
			buildActionMask = 2147483647;
			files = (
			);
			runOnlyForDeploymentPostprocessing = 0;
		};
		4AD2E0D8285F2CC400806664 /* Frameworks */ = {
			isa = PBXFrameworksBuildPhase;
			buildActionMask = 2147483647;
			files = (
			);
			runOnlyForDeploymentPostprocessing = 0;
		};
		4AD2E0E2285F2CC400806664 /* Frameworks */ = {
			isa = PBXFrameworksBuildPhase;
			buildActionMask = 2147483647;
			files = (
			);
			runOnlyForDeploymentPostprocessing = 0;
		};
/* End PBXFrameworksBuildPhase section */

/* Begin PBXGroup section */
		4AD2E0C2285F2CC000806664 = {
			isa = PBXGroup;
			children = (
				4AD2E0CD285F2CC000806664 /* List with Custom Cell */,
				4AD2E0DE285F2CC400806664 /* List with Custom CellTests */,
				4AD2E0E8285F2CC400806664 /* List with Custom CellUITests */,
				4AD2E0CC285F2CC000806664 /* Products */,
			);
			sourceTree = "<group>";
		};
		4AD2E0CC285F2CC000806664 /* Products */ = {
			isa = PBXGroup;
			children = (
				4AD2E0CB285F2CC000806664 /* List with Custom Cell.app */,
				4AD2E0DB285F2CC400806664 /* List with Custom CellTests.xctest */,
				4AD2E0E5285F2CC400806664 /* List with Custom CellUITests.xctest */,
			);
			name = Products;
			sourceTree = "<group>";
		};
		4AD2E0CD285F2CC000806664 /* List with Custom Cell */ = {
			isa = PBXGroup;
			children = (
				4AD2E0FA285F71D700806664 /* Video.swift */,
				4AD2E0CE285F2CC000806664 /* List_with_Custom_CellApp.swift */,
				4AD2E0D0285F2CC000806664 /* ContentView.swift */,
				4AD2E0FC285F8A3A00806664 /* VideoDetailView.swift */,
				4AD2E0D2285F2CC400806664 /* Assets.xcassets */,
				4AD2E0D4285F2CC400806664 /* Preview Content */,
			);
			path = "List with Custom Cell";
			sourceTree = "<group>";
		};
		4AD2E0D4285F2CC400806664 /* Preview Content */ = {
			isa = PBXGroup;
			children = (
				4AD2E0D5285F2CC400806664 /* Preview Assets.xcassets */,
			);
			path = "Preview Content";
			sourceTree = "<group>";
		};
		4AD2E0DE285F2CC400806664 /* List with Custom CellTests */ = {
			isa = PBXGroup;
			children = (
				4AD2E0DF285F2CC400806664 /* List_with_Custom_CellTests.swift */,
			);
			path = "List with Custom CellTests";
			sourceTree = "<group>";
		};
		4AD2E0E8285F2CC400806664 /* List with Custom CellUITests */ = {
			isa = PBXGroup;
			children = (
				4AD2E0E9285F2CC400806664 /* List_with_Custom_CellUITests.swift */,
				4AD2E0EB285F2CC400806664 /* List_with_Custom_CellUITestsLaunchTests.swift */,
			);
			path = "List with Custom CellUITests";
			sourceTree = "<group>";
		};
/* End PBXGroup section */

/* Begin PBXNativeTarget section */
		4AD2E0CA285F2CC000806664 /* List with Custom Cell */ = {
			isa = PBXNativeTarget;
			buildConfigurationList = 4AD2E0EF285F2CC400806664 /* Build configuration list for PBXNativeTarget "List with Custom Cell" */;
			buildPhases = (
				4AD2E0C7285F2CC000806664 /* Sources */,
				4AD2E0C8285F2CC000806664 /* Frameworks */,
				4AD2E0C9285F2CC000806664 /* Resources */,
			);
			buildRules = (
			);
			dependencies = (
			);
			name = "List with Custom Cell";
			productName = "List with Custom Cell";
			productReference = 4AD2E0CB285F2CC000806664 /* List with Custom Cell.app */;
			productType = "com.apple.product-type.application";
		};
		4AD2E0DA285F2CC400806664 /* List with Custom CellTests */ = {
			isa = PBXNativeTarget;
			buildConfigurationList = 4AD2E0F2285F2CC400806664 /* Build configuration list for PBXNativeTarget "List with Custom CellTests" */;
			buildPhases = (
				4AD2E0D7285F2CC400806664 /* Sources */,
				4AD2E0D8285F2CC400806664 /* Frameworks */,
				4AD2E0D9285F2CC400806664 /* Resources */,
			);
			buildRules = (
			);
			dependencies = (
				4AD2E0DD285F2CC400806664 /* PBXTargetDependency */,
			);
			name = "List with Custom CellTests";
			productName = "List with Custom CellTests";
			productReference = 4AD2E0DB285F2CC400806664 /* List with Custom CellTests.xctest */;
			productType = "com.apple.product-type.bundle.unit-test";
		};
		4AD2E0E4285F2CC400806664 /* List with Custom CellUITests */ = {
			isa = PBXNativeTarget;
			buildConfigurationList = 4AD2E0F5285F2CC400806664 /* Build configuration list for PBXNativeTarget "List with Custom CellUITests" */;
			buildPhases = (
				4AD2E0E1285F2CC400806664 /* Sources */,
				4AD2E0E2285F2CC400806664 /* Frameworks */,
				4AD2E0E3285F2CC400806664 /* Resources */,
			);
			buildRules = (
			);
			dependencies = (
				4AD2E0E7285F2CC400806664 /* PBXTargetDependency */,
			);
			name = "List with Custom CellUITests";
			productName = "List with Custom CellUITests";
			productReference = 4AD2E0E5285F2CC400806664 /* List with Custom CellUITests.xctest */;
			productType = "com.apple.product-type.bundle.ui-testing";
		};
/* End PBXNativeTarget section */

/* Begin PBXProject section */
		4AD2E0C3285F2CC000806664 /* Project object */ = {
			isa = PBXProject;
			attributes = {
				BuildIndependentTargetsInParallel = 1;
				LastSwiftUpdateCheck = 1340;
				LastUpgradeCheck = 1340;
				TargetAttributes = {
					4AD2E0CA285F2CC000806664 = {
						CreatedOnToolsVersion = 13.4.1;
					};
					4AD2E0DA285F2CC400806664 = {
						CreatedOnToolsVersion = 13.4.1;
						TestTargetID = 4AD2E0CA285F2CC000806664;
					};
					4AD2E0E4285F2CC400806664 = {
						CreatedOnToolsVersion = 13.4.1;
						TestTargetID = 4AD2E0CA285F2CC000806664;
					};
				};
			};
			buildConfigurationList = 4AD2E0C6285F2CC000806664 /* Build configuration list for PBXProject "List with Custom Cell" */;
			compatibilityVersion = "Xcode 13.0";
			developmentRegion = en;
			hasScannedForEncodings = 0;
			knownRegions = (
				en,
				Base,
			);
			mainGroup = 4AD2E0C2285F2CC000806664;
			productRefGroup = 4AD2E0CC285F2CC000806664 /* Products */;
			projectDirPath = "";
			projectRoot = "";
			targets = (
				4AD2E0CA285F2CC000806664 /* List with Custom Cell */,
				4AD2E0DA285F2CC400806664 /* List with Custom CellTests */,
				4AD2E0E4285F2CC400806664 /* List with Custom CellUITests */,
			);
		};
/* End PBXProject section */

/* Begin PBXResourcesBuildPhase section */
		4AD2E0C9285F2CC000806664 /* Resources */ = {
			isa = PBXResourcesBuildPhase;
			buildActionMask = 2147483647;
			files = (
				4AD2E0D6285F2CC400806664 /* Preview Assets.xcassets in Resources */,
				4AD2E0D3285F2CC400806664 /* Assets.xcassets in Resources */,
			);
			runOnlyForDeploymentPostprocessing = 0;
		};
		4AD2E0D9285F2CC400806664 /* Resources */ = {
			isa = PBXResourcesBuildPhase;
			buildActionMask = 2147483647;
			files = (
			);
			runOnlyForDeploymentPostprocessing = 0;
		};
		4AD2E0E3285F2CC400806664 /* Resources */ = {
			isa = PBXResourcesBuildPhase;
			buildActionMask = 2147483647;
			files = (
			);
			runOnlyForDeploymentPostprocessing = 0;
		};
/* End PBXResourcesBuildPhase section */

/* Begin PBXSourcesBuildPhase section */
		4AD2E0C7285F2CC000806664 /* Sources */ = {
			isa = PBXSourcesBuildPhase;
			buildActionMask = 2147483647;
			files = (
				4AD2E0D1285F2CC000806664 /* ContentView.swift in Sources */,
				4AD2E0FD285F8A3A00806664 /* VideoDetailView.swift in Sources */,
				4AD2E0FB285F71D700806664 /* Video.swift in Sources */,
				4AD2E0CF285F2CC000806664 /* List_with_Custom_CellApp.swift in Sources */,
			);
			runOnlyForDeploymentPostprocessing = 0;
		};
		4AD2E0D7285F2CC400806664 /* Sources */ = {
			isa = PBXSourcesBuildPhase;
			buildActionMask = 2147483647;
			files = (
				4AD2E0E0285F2CC400806664 /* List_with_Custom_CellTests.swift in Sources */,
			);
			runOnlyForDeploymentPostprocessing = 0;
		};
		4AD2E0E1285F2CC400806664 /* Sources */ = {
			isa = PBXSourcesBuildPhase;
			buildActionMask = 2147483647;
			files = (
				4AD2E0EA285F2CC400806664 /* List_with_Custom_CellUITests.swift in Sources */,
				4AD2E0EC285F2CC400806664 /* List_with_Custom_CellUITestsLaunchTests.swift in Sources */,
			);
			runOnlyForDeploymentPostprocessing = 0;
		};
/* End PBXSourcesBuildPhase section */

/* Begin PBXTargetDependency section */
		4AD2E0DD285F2CC400806664 /* PBXTargetDependency */ = {
			isa = PBXTargetDependency;
			target = 4AD2E0CA285F2CC000806664 /* List with Custom Cell */;
			targetProxy = 4AD2E0DC285F2CC400806664 /* PBXContainerItemProxy */;
		};
		4AD2E0E7285F2CC400806664 /* PBXTargetDependency */ = {
			isa = PBXTargetDependency;
			target = 4AD2E0CA285F2CC000806664 /* List with Custom Cell */;
			targetProxy = 4AD2E0E6285F2CC400806664 /* PBXContainerItemProxy */;
		};
/* End PBXTargetDependency section */

/* Begin XCBuildConfiguration section */
		4AD2E0ED285F2CC400806664 /* Debug */ = {
			isa = XCBuildConfiguration;
			buildSettings = {
				ALWAYS_SEARCH_USER_PATHS = NO;
				CLANG_ANALYZER_NONNULL = YES;
				CLANG_ANALYZER_NUMBER_OBJECT_CONVERSION = YES_AGGRESSIVE;
				CLANG_CXX_LANGUAGE_STANDARD = "gnu++17";
				CLANG_ENABLE_MODULES = YES;
				CLANG_ENABLE_OBJC_ARC = YES;
				CLANG_ENABLE_OBJC_WEAK = YES;
				CLANG_WARN_BLOCK_CAPTURE_AUTORELEASING = YES;
				CLANG_WARN_BOOL_CONVERSION = YES;
				CLANG_WARN_COMMA = YES;
				CLANG_WARN_CONSTANT_CONVERSION = YES;
				CLANG_WARN_DEPRECATED_OBJC_IMPLEMENTATIONS = YES;
				CLANG_WARN_DIRECT_OBJC_ISA_USAGE = YES_ERROR;
				CLANG_WARN_DOCUMENTATION_COMMENTS = YES;
				CLANG_WARN_EMPTY_BODY = YES;
				CLANG_WARN_ENUM_CONVERSION = YES;
				CLANG_WARN_INFINITE_RECURSION = YES;
				CLANG_WARN_INT_CONVERSION = YES;
				CLANG_WARN_NON_LITERAL_NULL_CONVERSION = YES;
				CLANG_WARN_OBJC_IMPLICIT_RETAIN_SELF = YES;
				CLANG_WARN_OBJC_LITERAL_CONVERSION = YES;
				CLANG_WARN_OBJC_ROOT_CLASS = YES_ERROR;
				CLANG_WARN_QUOTED_INCLUDE_IN_FRAMEWORK_HEADER = YES;
				CLANG_WARN_RANGE_LOOP_ANALYSIS = YES;
				CLANG_WARN_STRICT_PROTOTYPES = YES;
				CLANG_WARN_SUSPICIOUS_MOVE = YES;
				CLANG_WARN_UNGUARDED_AVAILABILITY = YES_AGGRESSIVE;
				CLANG_WARN_UNREACHABLE_CODE = YES;
				CLANG_WARN__DUPLICATE_METHOD_MATCH = YES;
				COPY_PHASE_STRIP = NO;
				DEBUG_INFORMATION_FORMAT = dwarf;
				ENABLE_STRICT_OBJC_MSGSEND = YES;
				ENABLE_TESTABILITY = YES;
				GCC_C_LANGUAGE_STANDARD = gnu11;
				GCC_DYNAMIC_NO_PIC = NO;
				GCC_NO_COMMON_BLOCKS = YES;
				GCC_OPTIMIZATION_LEVEL = 0;
				GCC_PREPROCESSOR_DEFINITIONS = (
					"DEBUG=1",
					"$(inherited)",
				);
				GCC_WARN_64_TO_32_BIT_CONVERSION = YES;
				GCC_WARN_ABOUT_RETURN_TYPE = YES_ERROR;
				GCC_WARN_UNDECLARED_SELECTOR = YES;
				GCC_WARN_UNINITIALIZED_AUTOS = YES_AGGRESSIVE;
				GCC_WARN_UNUSED_FUNCTION = YES;
				GCC_WARN_UNUSED_VARIABLE = YES;
				IPHONEOS_DEPLOYMENT_TARGET = 15.5;
				MTL_ENABLE_DEBUG_INFO = INCLUDE_SOURCE;
				MTL_FAST_MATH = YES;
				ONLY_ACTIVE_ARCH = YES;
				SDKROOT = iphoneos;
				SWIFT_ACTIVE_COMPILATION_CONDITIONS = DEBUG;
				SWIFT_OPTIMIZATION_LEVEL = "-Onone";
			};
			name = Debug;
		};
		4AD2E0EE285F2CC400806664 /* Release */ = {
			isa = XCBuildConfiguration;
			buildSettings = {
				ALWAYS_SEARCH_USER_PATHS = NO;
				CLANG_ANALYZER_NONNULL = YES;
				CLANG_ANALYZER_NUMBER_OBJECT_CONVERSION = YES_AGGRESSIVE;
				CLANG_CXX_LANGUAGE_STANDARD = "gnu++17";
				CLANG_ENABLE_MODULES = YES;
				CLANG_ENABLE_OBJC_ARC = YES;
				CLANG_ENABLE_OBJC_WEAK = YES;
				CLANG_WARN_BLOCK_CAPTURE_AUTORELEASING = YES;
				CLANG_WARN_BOOL_CONVERSION = YES;
				CLANG_WARN_COMMA = YES;
				CLANG_WARN_CONSTANT_CONVERSION = YES;
				CLANG_WARN_DEPRECATED_OBJC_IMPLEMENTATIONS = YES;
				CLANG_WARN_DIRECT_OBJC_ISA_USAGE = YES_ERROR;
				CLANG_WARN_DOCUMENTATION_COMMENTS = YES;
				CLANG_WARN_EMPTY_BODY = YES;
				CLANG_WARN_ENUM_CONVERSION = YES;
				CLANG_WARN_INFINITE_RECURSION = YES;
				CLANG_WARN_INT_CONVERSION = YES;
				CLANG_WARN_NON_LITERAL_NULL_CONVERSION = YES;
				CLANG_WARN_OBJC_IMPLICIT_RETAIN_SELF = YES;
				CLANG_WARN_OBJC_LITERAL_CONVERSION = YES;
				CLANG_WARN_OBJC_ROOT_CLASS = YES_ERROR;
				CLANG_WARN_QUOTED_INCLUDE_IN_FRAMEWORK_HEADER = YES;
				CLANG_WARN_RANGE_LOOP_ANALYSIS = YES;
				CLANG_WARN_STRICT_PROTOTYPES = YES;
				CLANG_WARN_SUSPICIOUS_MOVE = YES;
				CLANG_WARN_UNGUARDED_AVAILABILITY = YES_AGGRESSIVE;
				CLANG_WARN_UNREACHABLE_CODE = YES;
				CLANG_WARN__DUPLICATE_METHOD_MATCH = YES;
				COPY_PHASE_STRIP = NO;
				DEBUG_INFORMATION_FORMAT = "dwarf-with-dsym";
				ENABLE_NS_ASSERTIONS = NO;
				ENABLE_STRICT_OBJC_MSGSEND = YES;
				GCC_C_LANGUAGE_STANDARD = gnu11;
				GCC_NO_COMMON_BLOCKS = YES;
				GCC_WARN_64_TO_32_BIT_CONVERSION = YES;
				GCC_WARN_ABOUT_RETURN_TYPE = YES_ERROR;
				GCC_WARN_UNDECLARED_SELECTOR = YES;
				GCC_WARN_UNINITIALIZED_AUTOS = YES_AGGRESSIVE;
				GCC_WARN_UNUSED_FUNCTION = YES;
				GCC_WARN_UNUSED_VARIABLE = YES;
				IPHONEOS_DEPLOYMENT_TARGET = 15.5;
				MTL_ENABLE_DEBUG_INFO = NO;
				MTL_FAST_MATH = YES;
				SDKROOT = iphoneos;
				SWIFT_COMPILATION_MODE = wholemodule;
				SWIFT_OPTIMIZATION_LEVEL = "-O";
				VALIDATE_PRODUCT = YES;
			};
			name = Release;
		};
		4AD2E0F0285F2CC400806664 /* Debug */ = {
			isa = XCBuildConfiguration;
			buildSettings = {
				ASSETCATALOG_COMPILER_APPICON_NAME = AppIcon;
				ASSETCATALOG_COMPILER_GLOBAL_ACCENT_COLOR_NAME = AccentColor;
				CODE_SIGN_STYLE = Automatic;
				CURRENT_PROJECT_VERSION = 1;
				DEVELOPMENT_ASSET_PATHS = "\"List with Custom Cell/Preview Content\"";
				DEVELOPMENT_TEAM = 9H369CM94A;
				ENABLE_PREVIEWS = YES;
				GENERATE_INFOPLIST_FILE = YES;
				INFOPLIST_KEY_UIApplicationSceneManifest_Generation = YES;
				INFOPLIST_KEY_UIApplicationSupportsIndirectInputEvents = YES;
				INFOPLIST_KEY_UILaunchScreen_Generation = YES;
				INFOPLIST_KEY_UISupportedInterfaceOrientations_iPad = "UIInterfaceOrientationPortrait UIInterfaceOrientationPortraitUpsideDown UIInterfaceOrientationLandscapeLeft UIInterfaceOrientationLandscapeRight";
				INFOPLIST_KEY_UISupportedInterfaceOrientations_iPhone = "UIInterfaceOrientationPortrait UIInterfaceOrientationLandscapeLeft UIInterfaceOrientationLandscapeRight";
				LD_RUNPATH_SEARCH_PATHS = (
					"$(inherited)",
					"@executable_path/Frameworks",
				);
				MARKETING_VERSION = 1.0;
				PRODUCT_BUNDLE_IDENTIFIER = "io.iosacademy.List-with-Custom-Cell";
				PRODUCT_NAME = "$(TARGET_NAME)";
				SWIFT_EMIT_LOC_STRINGS = YES;
				SWIFT_VERSION = 5.0;
				TARGETED_DEVICE_FAMILY = "1,2";
			};
			name = Debug;
		};
		4AD2E0F1285F2CC400806664 /* Release */ = {
			isa = XCBuildConfiguration;
			buildSettings = {
				ASSETCATALOG_COMPILER_APPICON_NAME = AppIcon;
				ASSETCATALOG_COMPILER_GLOBAL_ACCENT_COLOR_NAME = AccentColor;
				CODE_SIGN_STYLE = Automatic;
				CURRENT_PROJECT_VERSION = 1;
				DEVELOPMENT_ASSET_PATHS = "\"List with Custom Cell/Preview Content\"";
				DEVELOPMENT_TEAM = 9H369CM94A;
				ENABLE_PREVIEWS = YES;
				GENERATE_INFOPLIST_FILE = YES;
				INFOPLIST_KEY_UIApplicationSceneManifest_Generation = YES;
				INFOPLIST_KEY_UIApplicationSupportsIndirectInputEvents = YES;
				INFOPLIST_KEY_UILaunchScreen_Generation = YES;
				INFOPLIST_KEY_UISupportedInterfaceOrientations_iPad = "UIInterfaceOrientationPortrait UIInterfaceOrientationPortraitUpsideDown UIInterfaceOrientationLandscapeLeft UIInterfaceOrientationLandscapeRight";
				INFOPLIST_KEY_UISupportedInterfaceOrientations_iPhone = "UIInterfaceOrientationPortrait UIInterfaceOrientationLandscapeLeft UIInterfaceOrientationLandscapeRight";
				LD_RUNPATH_SEARCH_PATHS = (
					"$(inherited)",
					"@executable_path/Frameworks",
				);
				MARKETING_VERSION = 1.0;
				PRODUCT_BUNDLE_IDENTIFIER = "io.iosacademy.List-with-Custom-Cell";
				PRODUCT_NAME = "$(TARGET_NAME)";
				SWIFT_EMIT_LOC_STRINGS = YES;
				SWIFT_VERSION = 5.0;
				TARGETED_DEVICE_FAMILY = "1,2";
			};
			name = Release;
		};
		4AD2E0F3285F2CC400806664 /* Debug */ = {
			isa = XCBuildConfiguration;
			buildSettings = {
				ALWAYS_EMBED_SWIFT_STANDARD_LIBRARIES = YES;
				BUNDLE_LOADER = "$(TEST_HOST)";
				CODE_SIGN_STYLE = Automatic;
				CURRENT_PROJECT_VERSION = 1;
				DEVELOPMENT_TEAM = 9H369CM94A;
				GENERATE_INFOPLIST_FILE = YES;
				IPHONEOS_DEPLOYMENT_TARGET = 15.5;
				MARKETING_VERSION = 1.0;
				PRODUCT_BUNDLE_IDENTIFIER = "io.iosacademy.List-with-Custom-CellTests";
				PRODUCT_NAME = "$(TARGET_NAME)";
				SWIFT_EMIT_LOC_STRINGS = NO;
				SWIFT_VERSION = 5.0;
				TARGETED_DEVICE_FAMILY = "1,2";
				TEST_HOST = "$(BUILT_PRODUCTS_DIR)/List with Custom Cell.app/List with Custom Cell";
			};
			name = Debug;
		};
		4AD2E0F4285F2CC400806664 /* Release */ = {
			isa = XCBuildConfiguration;
			buildSettings = {
				ALWAYS_EMBED_SWIFT_STANDARD_LIBRARIES = YES;
				BUNDLE_LOADER = "$(TEST_HOST)";
				CODE_SIGN_STYLE = Automatic;
				CURRENT_PROJECT_VERSION = 1;
				DEVELOPMENT_TEAM = 9H369CM94A;
				GENERATE_INFOPLIST_FILE = YES;
				IPHONEOS_DEPLOYMENT_TARGET = 15.5;
				MARKETING_VERSION = 1.0;
				PRODUCT_BUNDLE_IDENTIFIER = "io.iosacademy.List-with-Custom-CellTests";
				PRODUCT_NAME = "$(TARGET_NAME)";
				SWIFT_EMIT_LOC_STRINGS = NO;
				SWIFT_VERSION = 5.0;
				TARGETED_DEVICE_FAMILY = "1,2";
				TEST_HOST = "$(BUILT_PRODUCTS_DIR)/List with Custom Cell.app/List with Custom Cell";
			};
			name = Release;
		};
		4AD2E0F6285F2CC400806664 /* Debug */ = {
			isa = XCBuildConfiguration;
			buildSettings = {
				ALWAYS_EMBED_SWIFT_STANDARD_LIBRARIES = YES;
				CODE_SIGN_STYLE = Automatic;
				CURRENT_PROJECT_VERSION = 1;
				DEVELOPMENT_TEAM = 9H369CM94A;
				GENERATE_INFOPLIST_FILE = YES;
				MARKETING_VERSION = 1.0;
				PRODUCT_BUNDLE_IDENTIFIER = "io.iosacademy.List-with-Custom-CellUITests";
				PRODUCT_NAME = "$(TARGET_NAME)";
				SWIFT_EMIT_LOC_STRINGS = NO;
				SWIFT_VERSION = 5.0;
				TARGETED_DEVICE_FAMILY = "1,2";
				TEST_TARGET_NAME = "List with Custom Cell";
			};
			name = Debug;
		};
		4AD2E0F7285F2CC400806664 /* Release */ = {
			isa = XCBuildConfiguration;
			buildSettings = {
				ALWAYS_EMBED_SWIFT_STANDARD_LIBRARIES = YES;
				CODE_SIGN_STYLE = Automatic;
				CURRENT_PROJECT_VERSION = 1;
				DEVELOPMENT_TEAM = 9H369CM94A;
				GENERATE_INFOPLIST_FILE = YES;
				MARKETING_VERSION = 1.0;
				PRODUCT_BUNDLE_IDENTIFIER = "io.iosacademy.List-with-Custom-CellUITests";
				PRODUCT_NAME = "$(TARGET_NAME)";
				SWIFT_EMIT_LOC_STRINGS = NO;
				SWIFT_VERSION = 5.0;
				TARGETED_DEVICE_FAMILY = "1,2";
				TEST_TARGET_NAME = "List with Custom Cell";
			};
			name = Release;
		};
/* End XCBuildConfiguration section */

/* Begin XCConfigurationList section */
		4AD2E0C6285F2CC000806664 /* Build configuration list for PBXProject "List with Custom Cell" */ = {
			isa = XCConfigurationList;
			buildConfigurations = (
				4AD2E0ED285F2CC400806664 /* Debug */,
				4AD2E0EE285F2CC400806664 /* Release */,
			);
			defaultConfigurationIsVisible = 0;
			defaultConfigurationName = Release;
		};
		4AD2E0EF285F2CC400806664 /* Build configuration list for PBXNativeTarget "List with Custom Cell" */ = {
			isa = XCConfigurationList;
			buildConfigurations = (
				4AD2E0F0285F2CC400806664 /* Debug */,
				4AD2E0F1285F2CC400806664 /* Release */,
			);
			defaultConfigurationIsVisible = 0;
			defaultConfigurationName = Release;
		};
		4AD2E0F2285F2CC400806664 /* Build configuration list for PBXNativeTarget "List with Custom CellTests" */ = {
			isa = XCConfigurationList;
			buildConfigurations = (
				4AD2E0F3285F2CC400806664 /* Debug */,
				4AD2E0F4285F2CC400806664 /* Release */,
			);
			defaultConfigurationIsVisible = 0;
			defaultConfigurationName = Release;
		};
		4AD2E0F5285F2CC400806664 /* Build configuration list for PBXNativeTarget "List with Custom CellUITests" */ = {
			isa = XCConfigurationList;
			buildConfigurations = (
				4AD2E0F6285F2CC400806664 /* Debug */,
				4AD2E0F7285F2CC400806664 /* Release */,
			);
			defaultConfigurationIsVisible = 0;
			defaultConfigurationName = Release;
		};
/* End XCConfigurationList section */
	};
	rootObject = 4AD2E0C3285F2CC000806664 /* Project object */;
}
